
Microsoft Visual Studio Solution File, Format Version 12.00
# Visual Studio 2013
VisualStudioVersion = 12.0.40629.0
MinimumVisualStudioVersion = 10.0.40219.1
Project("{FAE04EC0-301F-11D3-BF4B-00C04F79EFBC}") = "NamolyOnPremises.Module", "NamolyOnPremises.Module\NamolyOnPremises.Module.csproj", "{5F15837D-D1E5-44DC-92F0-4F2EBE9C3F8D}"
EndProject
Project("{FAE04EC0-301F-11D3-BF4B-00C04F79EFBC}") = "NamolyOnPremises.Module.Web", "NamolyOnPremises.Module.Web\NamolyOnPremises.Module.Web.csproj", "{0C729AAD-7626-4668-A7F1-35F7D240489D}"
EndProject
Project("{FAE04EC0-301F-11D3-BF4B-00C04F79EFBC}") = "NamolyOnPremises.Web", "NamolyOnPremises.Web\NamolyOnPremises.Web.csproj", "{82A6DBC9-B1B4-44E4-9718-55DF930CD349}"
EndProject
Project("{2150E333-8FDC-42A3-9474-1A3956D46DE8}") = "CMSModule", "CMSModule", "{39F462A9-05CF-482D-9506-971B1676E9F2}"
EndProject
Project("{2150E333-8FDC-42A3-9474-1A3956D46DE8}") = "FrontEnd", "FrontEnd", "{4B0A4398-52AB-4408-91C9-986791725463}"
EndProject
Project("{2150E333-8FDC-42A3-9474-1A3956D46DE8}") = "BackEnd", "BackEnd", "{3E37A108-ADA9-4FC7-95CB-DA50E7386815}"
EndProject
Project("{2150E333-8FDC-42A3-9474-1A3956D46DE8}") = "Templates", "Templates", "{FFD04D20-8B8A-46A5-ABF6-F4CBF44085EC}"
EndProject
Project("{FAE04EC0-301F-11D3-BF4B-00C04F79EFBC}") = "Horizontal02", "Horizontal02\Horizontal02.csproj", "{8A67D78D-04CF-42C7-9145-3315EB4C35F3}"
EndProject
Project("{FAE04EC0-301F-11D3-BF4B-00C04F79EFBC}") = "www.galinahotel.com.vn", "www.galinahotel.com.vn\www.galinahotel.com.vn.csproj", "{607EACBB-83FB-4157-95C6-65301B01A9FC}"
EndProject
Project("{FAE04EC0-301F-11D3-BF4B-00C04F79EFBC}") = "CMSModule.Module", "CMSModule.Module\CMSModule.Module.csproj", "{3A9E377E-6D88-40D2-8E37-64E859BA139C}"
EndProject
Project("{FAE04EC0-301F-11D3-BF4B-00C04F79EFBC}") = "ChatApi", "ChatApi\ChatApi.csproj", "{D6427D17-34A7-4977-B327-2937EEC58419}"
EndProject
Project("{2150E333-8FDC-42A3-9474-1A3956D46DE8}") = "BackEnd.MVC", "BackEnd.MVC", "{5D06122B-424C-4AC5-95DD-912B76684BA7}"
EndProject
Project("{FAE04EC0-301F-11D3-BF4B-00C04F79EFBC}") = "CMS.BusinessObjects", "CMS.BusinessObject\CMS.BusinessObjects.csproj", "{55A30729-AFB2-496C-9D90-8C883E45E8BF}"
EndProject
Project("{FAE04EC0-301F-11D3-BF4B-00C04F79EFBC}") = "CMS.Domain", "CMS.Domain\CMS.Domain.csproj", "{0A8FDF15-B122-47C8-BF43-95E782FA1BCE}"
EndProject
Project("{FAE04EC0-301F-11D3-BF4B-00C04F79EFBC}") = "CMS.OnDemandServices", "CMS.OnDemandServices\CMS.OnDemandServices.csproj", "{8CDBE10A-5D2A-4499-A015-94D55DE1E23E}"
EndProject
Project("{FAE04EC0-301F-11D3-BF4B-00C04F79EFBC}") = "GalinaHotel.CMS.Backend", "NAANSolution_BackEnd\GalinaHotel.CMS.Backend.csproj", "{68C6755A-CF11-406B-A6FE-77A8B2A5E37E}"
EndProject
Project("{2150E333-8FDC-42A3-9474-1A3956D46DE8}") = "CMS", "CMS", "{59250379-EEDC-42AE-BDD4-69A7FFE39172}"
EndProject
Project("{2150E333-8FDC-42A3-9474-1A3956D46DE8}") = "NamolyHotelManagement", "NamolyHotelManagement", "{DF3D7F3B-23DC-49B9-BFCE-54E7B656B080}"
EndProject
Project("{FAE04EC0-301F-11D3-BF4B-00C04F79EFBC}") = "Namoly.BusinessObjects", "Namoly.BusinessObjects\Namoly.BusinessObjects.csproj", "{288BD8C1-B77B-4FDF-8FA5-B8C7941891B3}"
EndProject
Project("{FAE04EC0-301F-11D3-BF4B-00C04F79EFBC}") = "Namoly.OnDemandServices", "Namoly.OnDemandServices\Namoly.OnDemandServices.csproj", "{58491915-E2D6-430D-919C-BD52C1F589D8}"
EndProject
Project("{FAE04EC0-301F-11D3-BF4B-00C04F79EFBC}") = "Namoly.Domain", "Namoly.Domain\Namoly.Domain.csproj", "{3CCEE14D-3667-47A2-9B22-7F2E4FC46497}"
EndProject
Global
	GlobalSection(SubversionScc) = preSolution
		Svn-Managed = True
		Manager = AnkhSVN - Subversion Support for Visual Studio
	EndGlobalSection
	GlobalSection(SolutionConfigurationPlatforms) = preSolution
		Debug|Any CPU = Debug|Any CPU
		EasyTest|Any CPU = EasyTest|Any CPU
		Release|Any CPU = Release|Any CPU
	EndGlobalSection
	GlobalSection(ProjectConfigurationPlatforms) = postSolution
		{5F15837D-D1E5-44DC-92F0-4F2EBE9C3F8D}.Debug|Any CPU.ActiveCfg = Debug|Any CPU
		{5F15837D-D1E5-44DC-92F0-4F2EBE9C3F8D}.EasyTest|Any CPU.ActiveCfg = EasyTest|Any CPU
		{5F15837D-D1E5-44DC-92F0-4F2EBE9C3F8D}.EasyTest|Any CPU.Build.0 = EasyTest|Any CPU
		{5F15837D-D1E5-44DC-92F0-4F2EBE9C3F8D}.Release|Any CPU.ActiveCfg = Release|Any CPU
		{5F15837D-D1E5-44DC-92F0-4F2EBE9C3F8D}.Release|Any CPU.Build.0 = Release|Any CPU
		{0C729AAD-7626-4668-A7F1-35F7D240489D}.Debug|Any CPU.ActiveCfg = Debug|Any CPU
		{0C729AAD-7626-4668-A7F1-35F7D240489D}.EasyTest|Any CPU.ActiveCfg = EasyTest|Any CPU
		{0C729AAD-7626-4668-A7F1-35F7D240489D}.EasyTest|Any CPU.Build.0 = EasyTest|Any CPU
		{0C729AAD-7626-4668-A7F1-35F7D240489D}.Release|Any CPU.ActiveCfg = Release|Any CPU
		{0C729AAD-7626-4668-A7F1-35F7D240489D}.Release|Any CPU.Build.0 = Release|Any CPU
		{82A6DBC9-B1B4-44E4-9718-55DF930CD349}.Debug|Any CPU.ActiveCfg = Debug|Any CPU
		{82A6DBC9-B1B4-44E4-9718-55DF930CD349}.EasyTest|Any CPU.ActiveCfg = EasyTest|Any CPU
		{82A6DBC9-B1B4-44E4-9718-55DF930CD349}.EasyTest|Any CPU.Build.0 = EasyTest|Any CPU
		{82A6DBC9-B1B4-44E4-9718-55DF930CD349}.Release|Any CPU.ActiveCfg = Release|Any CPU
		{82A6DBC9-B1B4-44E4-9718-55DF930CD349}.Release|Any CPU.Build.0 = Release|Any CPU
		{8A67D78D-04CF-42C7-9145-3315EB4C35F3}.Debug|Any CPU.ActiveCfg = Debug|Any CPU
		{8A67D78D-04CF-42C7-9145-3315EB4C35F3}.EasyTest|Any CPU.ActiveCfg = Release|Any CPU
		{8A67D78D-04CF-42C7-9145-3315EB4C35F3}.EasyTest|Any CPU.Build.0 = Release|Any CPU
		{8A67D78D-04CF-42C7-9145-3315EB4C35F3}.Release|Any CPU.ActiveCfg = Release|Any CPU
		{8A67D78D-04CF-42C7-9145-3315EB4C35F3}.Release|Any CPU.Build.0 = Release|Any CPU
		{607EACBB-83FB-4157-95C6-65301B01A9FC}.Debug|Any CPU.ActiveCfg = Debug|Any CPU
		{607EACBB-83FB-4157-95C6-65301B01A9FC}.Debug|Any CPU.Build.0 = Debug|Any CPU
		{607EACBB-83FB-4157-95C6-65301B01A9FC}.EasyTest|Any CPU.ActiveCfg = Release|Any CPU
		{607EACBB-83FB-4157-95C6-65301B01A9FC}.EasyTest|Any CPU.Build.0 = Release|Any CPU
		{607EACBB-83FB-4157-95C6-65301B01A9FC}.Release|Any CPU.ActiveCfg = Release|Any CPU
		{607EACBB-83FB-4157-95C6-65301B01A9FC}.Release|Any CPU.Build.0 = Release|Any CPU
		{3A9E377E-6D88-40D2-8E37-64E859BA139C}.Debug|Any CPU.ActiveCfg = Debug|Any CPU
		{3A9E377E-6D88-40D2-8E37-64E859BA139C}.EasyTest|Any CPU.ActiveCfg = EasyTest|Any CPU
		{3A9E377E-6D88-40D2-8E37-64E859BA139C}.EasyTest|Any CPU.Build.0 = EasyTest|Any CPU
		{3A9E377E-6D88-40D2-8E37-64E859BA139C}.Release|Any CPU.ActiveCfg = Release|Any CPU
		{3A9E377E-6D88-40D2-8E37-64E859BA139C}.Release|Any CPU.Build.0 = Release|Any CPU
		{D6427D17-34A7-4977-B327-2937EEC58419}.Debug|Any CPU.ActiveCfg = Debug|Any CPU
		{D6427D17-34A7-4977-B327-2937EEC58419}.EasyTest|Any CPU.ActiveCfg = Release|Any CPU
		{D6427D17-34A7-4977-B327-2937EEC58419}.EasyTest|Any CPU.Build.0 = Release|Any CPU
		{D6427D17-34A7-4977-B327-2937EEC58419}.Release|Any CPU.ActiveCfg = Release|Any CPU
		{D6427D17-34A7-4977-B327-2937EEC58419}.Release|Any CPU.Build.0 = Release|Any CPU
		{55A30729-AFB2-496C-9D90-8C883E45E8BF}.Debug|Any CPU.ActiveCfg = Debug|Any CPU
		{55A30729-AFB2-496C-9D90-8C883E45E8BF}.Debug|Any CPU.Build.0 = Debug|Any CPU
		{55A30729-AFB2-496C-9D90-8C883E45E8BF}.EasyTest|Any CPU.ActiveCfg = Release|Any CPU
		{55A30729-AFB2-496C-9D90-8C883E45E8BF}.EasyTest|Any CPU.Build.0 = Release|Any CPU
		{55A30729-AFB2-496C-9D90-8C883E45E8BF}.Release|Any CPU.ActiveCfg = Release|Any CPU
		{55A30729-AFB2-496C-9D90-8C883E45E8BF}.Release|Any CPU.Build.0 = Release|Any CPU
		{0A8FDF15-B122-47C8-BF43-95E782FA1BCE}.Debug|Any CPU.ActiveCfg = Debug|Any CPU
		{0A8FDF15-B122-47C8-BF43-95E782FA1BCE}.Debug|Any CPU.Build.0 = Debug|Any CPU
		{0A8FDF15-B122-47C8-BF43-95E782FA1BCE}.EasyTest|Any CPU.ActiveCfg = Release|Any CPU
		{0A8FDF15-B122-47C8-BF43-95E782FA1BCE}.EasyTest|Any CPU.Build.0 = Release|Any CPU
		{0A8FDF15-B122-47C8-BF43-95E782FA1BCE}.Release|Any CPU.ActiveCfg = Release|Any CPU
		{0A8FDF15-B122-47C8-BF43-95E782FA1BCE}.Release|Any CPU.Build.0 = Release|Any CPU
		{8CDBE10A-5D2A-4499-A015-94D55DE1E23E}.Debug|Any CPU.ActiveCfg = Debug|Any CPU
		{8CDBE10A-5D2A-4499-A015-94D55DE1E23E}.Debug|Any CPU.Build.0 = Debug|Any CPU
		{8CDBE10A-5D2A-4499-A015-94D55DE1E23E}.EasyTest|Any CPU.ActiveCfg = Release|Any CPU
		{8CDBE10A-5D2A-4499-A015-94D55DE1E23E}.EasyTest|Any CPU.Build.0 = Release|Any CPU
		{8CDBE10A-5D2A-4499-A015-94D55DE1E23E}.Release|Any CPU.ActiveCfg = Release|Any CPU
		{8CDBE10A-5D2A-4499-A015-94D55DE1E23E}.Release|Any CPU.Build.0 = Release|Any CPU
		{68C6755A-CF11-406B-A6FE-77A8B2A5E37E}.Debug|Any CPU.ActiveCfg = Debug|Any CPU
		{68C6755A-CF11-406B-A6FE-77A8B2A5E37E}.Debug|Any CPU.Build.0 = Debug|Any CPU
		{68C6755A-CF11-406B-A6FE-77A8B2A5E37E}.EasyTest|Any CPU.ActiveCfg = Release|Any CPU
		{68C6755A-CF11-406B-A6FE-77A8B2A5E37E}.EasyTest|Any CPU.Build.0 = Release|Any CPU
		{68C6755A-CF11-406B-A6FE-77A8B2A5E37E}.Release|Any CPU.ActiveCfg = Release|Any CPU
		{68C6755A-CF11-406B-A6FE-77A8B2A5E37E}.Release|Any CPU.Build.0 = Release|Any CPU
		{288BD8C1-B77B-4FDF-8FA5-B8C7941891B3}.Debug|Any CPU.ActiveCfg = Debug|Any CPU
		{288BD8C1-B77B-4FDF-8FA5-B8C7941891B3}.Debug|Any CPU.Build.0 = Debug|Any CPU
		{288BD8C1-B77B-4FDF-8FA5-B8C7941891B3}.EasyTest|Any CPU.ActiveCfg = Release|Any CPU
		{288BD8C1-B77B-4FDF-8FA5-B8C7941891B3}.EasyTest|Any CPU.Build.0 = Release|Any CPU
		{288BD8C1-B77B-4FDF-8FA5-B8C7941891B3}.Release|Any CPU.ActiveCfg = Release|Any CPU
		{288BD8C1-B77B-4FDF-8FA5-B8C7941891B3}.Release|Any CPU.Build.0 = Release|Any CPU
		{58491915-E2D6-430D-919C-BD52C1F589D8}.Debug|Any CPU.ActiveCfg = Debug|Any CPU
		{58491915-E2D6-430D-919C-BD52C1F589D8}.Debug|Any CPU.Build.0 = Debug|Any CPU
		{58491915-E2D6-430D-919C-BD52C1F589D8}.EasyTest|Any CPU.ActiveCfg = Release|Any CPU
		{58491915-E2D6-430D-919C-BD52C1F589D8}.EasyTest|Any CPU.Build.0 = Release|Any CPU
		{58491915-E2D6-430D-919C-BD52C1F589D8}.Release|Any CPU.ActiveCfg = Release|Any CPU
		{58491915-E2D6-430D-919C-BD52C1F589D8}.Release|Any CPU.Build.0 = Release|Any CPU
		{3CCEE14D-3667-47A2-9B22-7F2E4FC46497}.Debug|Any CPU.ActiveCfg = Debug|Any CPU
		{3CCEE14D-3667-47A2-9B22-7F2E4FC46497}.Debug|Any CPU.Build.0 = Debug|Any CPU
		{3CCEE14D-3667-47A2-9B22-7F2E4FC46497}.EasyTest|Any CPU.ActiveCfg = Release|Any CPU
		{3CCEE14D-3667-47A2-9B22-7F2E4FC46497}.EasyTest|Any CPU.Build.0 = Release|Any CPU
		{3CCEE14D-3667-47A2-9B22-7F2E4FC46497}.Release|Any CPU.ActiveCfg = Release|Any CPU
		{3CCEE14D-3667-47A2-9B22-7F2E4FC46497}.Release|Any CPU.Build.0 = Release|Any CPU
	EndGlobalSection
	GlobalSection(SolutionProperties) = preSolution
		HideSolutionNode = FALSE
	EndGlobalSection
	GlobalSection(NestedProjects) = preSolution
		{5F15837D-D1E5-44DC-92F0-4F2EBE9C3F8D} = {3E37A108-ADA9-4FC7-95CB-DA50E7386815}
		{0C729AAD-7626-4668-A7F1-35F7D240489D} = {3E37A108-ADA9-4FC7-95CB-DA50E7386815}
		{82A6DBC9-B1B4-44E4-9718-55DF930CD349} = {3E37A108-ADA9-4FC7-95CB-DA50E7386815}
		{39F462A9-05CF-482D-9506-971B1676E9F2} = {3E37A108-ADA9-4FC7-95CB-DA50E7386815}
		{FFD04D20-8B8A-46A5-ABF6-F4CBF44085EC} = {4B0A4398-52AB-4408-91C9-986791725463}
		{8A67D78D-04CF-42C7-9145-3315EB4C35F3} = {FFD04D20-8B8A-46A5-ABF6-F4CBF44085EC}
		{607EACBB-83FB-4157-95C6-65301B01A9FC} = {FFD04D20-8B8A-46A5-ABF6-F4CBF44085EC}
		{3A9E377E-6D88-40D2-8E37-64E859BA139C} = {39F462A9-05CF-482D-9506-971B1676E9F2}
		{D6427D17-34A7-4977-B327-2937EEC58419} = {3E37A108-ADA9-4FC7-95CB-DA50E7386815}
		{55A30729-AFB2-496C-9D90-8C883E45E8BF} = {59250379-EEDC-42AE-BDD4-69A7FFE39172}
		{0A8FDF15-B122-47C8-BF43-95E782FA1BCE} = {59250379-EEDC-42AE-BDD4-69A7FFE39172}
		{8CDBE10A-5D2A-4499-A015-94D55DE1E23E} = {59250379-EEDC-42AE-BDD4-69A7FFE39172}
		{68C6755A-CF11-406B-A6FE-77A8B2A5E37E} = {5D06122B-424C-4AC5-95DD-912B76684BA7}
		{59250379-EEDC-42AE-BDD4-69A7FFE39172} = {5D06122B-424C-4AC5-95DD-912B76684BA7}
		{DF3D7F3B-23DC-49B9-BFCE-54E7B656B080} = {5D06122B-424C-4AC5-95DD-912B76684BA7}
		{288BD8C1-B77B-4FDF-8FA5-B8C7941891B3} = {DF3D7F3B-23DC-49B9-BFCE-54E7B656B080}
		{58491915-E2D6-430D-919C-BD52C1F589D8} = {DF3D7F3B-23DC-49B9-BFCE-54E7B656B080}
		{3CCEE14D-3667-47A2-9B22-7F2E4FC46497} = {DF3D7F3B-23DC-49B9-BFCE-54E7B656B080}
	EndGlobalSection
EndGlobal
