
Microsoft Visual Studio Solution File, Format Version 12.00
# Visual Studio 2013
VisualStudioVersion = 12.0.40629.0
MinimumVisualStudioVersion = 10.0.40219.1
Project("{FAE04EC0-301F-11D3-BF4B-00C04F79EFBC}") = "P04201702.Domain", "P04201702.Domain\P04201702.Domain.csproj", "{A4FBE075-01BC-4B0E-AF3E-319AFEF6FA82}"
EndProject
Project("{FAE04EC0-301F-11D3-BF4B-00C04F79EFBC}") = "P04201702.Web", "P04201702.Web\P04201702.Web.csproj", "{779FEA34-89CB-4474-8061-C82578D58BA7}"
EndProject
Project("{FAE04EC0-301F-11D3-BF4B-00C04F79EFBC}") = "P04201702.WebV1", "P04201702.WebV1\P04201702.WebV1.csproj", "{A56565FE-D001-4D2B-AFCF-2D64B25B61DC}"
EndProject
Global
	GlobalSection(SolutionConfigurationPlatforms) = preSolution
		Debug|Any CPU = Debug|Any CPU
		Release|Any CPU = Release|Any CPU
	EndGlobalSection
	GlobalSection(ProjectConfigurationPlatforms) = postSolution
		{A4FBE075-01BC-4B0E-AF3E-319AFEF6FA82}.Debug|Any CPU.ActiveCfg = Debug|Any CPU
		{A4FBE075-01BC-4B0E-AF3E-319AFEF6FA82}.Debug|Any CPU.Build.0 = Debug|Any CPU
		{A4FBE075-01BC-4B0E-AF3E-319AFEF6FA82}.Release|Any CPU.ActiveCfg = Release|Any CPU
		{A4FBE075-01BC-4B0E-AF3E-319AFEF6FA82}.Release|Any CPU.Build.0 = Release|Any CPU
		{779FEA34-89CB-4474-8061-C82578D58BA7}.Debug|Any CPU.ActiveCfg = Debug|Any CPU
		{779FEA34-89CB-4474-8061-C82578D58BA7}.Debug|Any CPU.Build.0 = Debug|Any CPU
		{779FEA34-89CB-4474-8061-C82578D58BA7}.Release|Any CPU.ActiveCfg = Release|Any CPU
		{779FEA34-89CB-4474-8061-C82578D58BA7}.Release|Any CPU.Build.0 = Release|Any CPU
		{A56565FE-D001-4D2B-AFCF-2D64B25B61DC}.Debug|Any CPU.ActiveCfg = Debug|Any CPU
		{A56565FE-D001-4D2B-AFCF-2D64B25B61DC}.Debug|Any CPU.Build.0 = Debug|Any CPU
		{A56565FE-D001-4D2B-AFCF-2D64B25B61DC}.Release|Any CPU.ActiveCfg = Release|Any CPU
		{A56565FE-D001-4D2B-AFCF-2D64B25B61DC}.Release|Any CPU.Build.0 = Release|Any CPU
	EndGlobalSection
	GlobalSection(SolutionProperties) = preSolution
		HideSolutionNode = FALSE
	EndGlobalSection
EndGlobal
