
Microsoft Visual Studio Solution File, Format Version 12.00
# Visual Studio 2013
VisualStudioVersion = 12.0.40629.0
MinimumVisualStudioVersion = 10.0.40219.1
Project("{FAE04EC0-301F-11D3-BF4B-00C04F79EFBC}") = "BetterCMSTest1", "BetterCMSTest1\BetterCMSTest1.csproj", "{429B3712-2CCC-42DF-9325-E1268508BCFD}"
EndProject
Global
	GlobalSection(SolutionConfigurationPlatforms) = preSolution
		Debug|Any CPU = Debug|Any CPU
		Release|Any CPU = Release|Any CPU
	EndGlobalSection
	GlobalSection(ProjectConfigurationPlatforms) = postSolution
		{429B3712-2CCC-42DF-9325-E1268508BCFD}.Debug|Any CPU.ActiveCfg = Debug|Any CPU
		{429B3712-2CCC-42DF-9325-E1268508BCFD}.Debug|Any CPU.Build.0 = Debug|Any CPU
		{429B3712-2CCC-42DF-9325-E1268508BCFD}.Release|Any CPU.ActiveCfg = Release|Any CPU
		{429B3712-2CCC-42DF-9325-E1268508BCFD}.Release|Any CPU.Build.0 = Release|Any CPU
	EndGlobalSection
	GlobalSection(SolutionProperties) = preSolution
		HideSolutionNode = FALSE
	EndGlobalSection
EndGlobal
