
Microsoft Visual Studio Solution File, Format Version 12.00
# Visual Studio 2013
VisualStudioVersion = 12.0.40629.0
MinimumVisualStudioVersion = 10.0.40219.1
Project("{FAE04EC0-301F-11D3-BF4B-00C04F79EFBC}") = "Youandweresort.com", "Youandweresort.com\Youandweresort.com.csproj", "{6980F486-1B6D-4644-BFC1-AD96871D9596}"
EndProject
Global
	GlobalSection(SolutionConfigurationPlatforms) = preSolution
		Debug|Any CPU = Debug|Any CPU
		Release|Any CPU = Release|Any CPU
	EndGlobalSection
	GlobalSection(ProjectConfigurationPlatforms) = postSolution
		{6980F486-1B6D-4644-BFC1-AD96871D9596}.Debug|Any CPU.ActiveCfg = Debug|Any CPU
		{6980F486-1B6D-4644-BFC1-AD96871D9596}.Debug|Any CPU.Build.0 = Debug|Any CPU
		{6980F486-1B6D-4644-BFC1-AD96871D9596}.Release|Any CPU.ActiveCfg = Release|Any CPU
		{6980F486-1B6D-4644-BFC1-AD96871D9596}.Release|Any CPU.Build.0 = Release|Any CPU
	EndGlobalSection
	GlobalSection(SolutionProperties) = preSolution
		HideSolutionNode = FALSE
	EndGlobalSection
EndGlobal
